
Microsoft Visual Studio Solution File, Format Version 12.00
# Visual Studio Version 16
VisualStudioVersion = 16.0.30503.244
MinimumVisualStudioVersion = 10.0.40219.1
Project("{FAE04EC0-301F-11D3-BF4B-00C04F79EFBC}") = "student", "student\student.csproj", "{F86F721F-163C-4C3D-A1D6-3DCB0C48F131}"
EndProject
Global
	GlobalSection(SolutionConfigurationPlatforms) = preSolution
		Debug|Any CPU = Debug|Any CPU
		Release|Any CPU = Release|Any CPU
	EndGlobalSection
	GlobalSection(ProjectConfigurationPlatforms) = postSolution
		{F86F721F-163C-4C3D-A1D6-3DCB0C48F131}.Debug|Any CPU.ActiveCfg = Debug|Any CPU
		{F86F721F-163C-4C3D-A1D6-3DCB0C48F131}.Debug|Any CPU.Build.0 = Debug|Any CPU
		{F86F721F-163C-4C3D-A1D6-3DCB0C48F131}.Release|Any CPU.ActiveCfg = Release|Any CPU
		{F86F721F-163C-4C3D-A1D6-3DCB0C48F131}.Release|Any CPU.Build.0 = Release|Any CPU
	EndGlobalSection
	GlobalSection(SolutionProperties) = preSolution
		HideSolutionNode = FALSE
	EndGlobalSection
	GlobalSection(ExtensibilityGlobals) = postSolution
		SolutionGuid = {92BC5F60-EB32-428A-A758-2ADB4E4654A9}
	EndGlobalSection
EndGlobal
